dependencies:
- name: contour
  repository: https://charts.bitnami.com/bitnami
  version: 7.8.0
- name: cert-manager
  repository: https://charts.jetstack.io
  version: v1.8.0
digest: sha256:5bfa97378ba714c5fce6aee977dc72be1fa240b618fca088a1a84dd555092e56
generated: "2022-05-09T08:01:56.812885927-04:00"
