{
  "version": 4,
  "terraform_version": "1.1.9",
  "serial": 4,
  "lineage": "f56adf9b-62ee-daf7-a66e-6c3bcc7c00ac",
  "outputs": {},
  "resources": [
    {
      "mode": "managed",
      "type": "azurerm_cognitive_account",
      "name": "textanalytics",
      "provider": "provider[\"registry.terraform.io/hashicorp/azurerm\"]",
      "instances": [
        {
          "schema_version": 0,
          "attributes": {
            "custom_question_answering_search_service_id": "",
            "custom_subdomain_name": "happyoss1",
            "endpoint": "https://happyoss1.cognitiveservices.azure.com/",
            "fqdns": [],
            "id": "/subscriptions/3e0dd787-2899-4e2b-8814-6ef4986f60d1/resourceGroups/happyoss1/providers/Microsoft.CognitiveServices/accounts/happyoss1",
            "identity": [
              {
                "identity_ids": [],
                "principal_id": "3482140e-cb7a-4612-a44c-bdc8de0e9136",
                "tenant_id": "f00fd0e9-af83-4515-b0dc-295aaf662a08",
                "type": "SystemAssigned"
              }
            ],
            "kind": "TextAnalytics",
            "local_auth_enabled": true,
            "location": "eastus",
            "metrics_advisor_aad_client_id": "",
            "metrics_advisor_aad_tenant_id": "",
            "metrics_advisor_super_user_name": "",
            "metrics_advisor_website_name": "",
            "name": "happyoss1",
            "network_acls": [
              {
                "default_action": "Allow",
                "ip_rules": [],
                "virtual_network_rules": []
              }
            ],
            "outbound_network_access_restricted": false,
            "primary_access_key": "fa8317bb552f4fe5b00b687d23637951",
            "public_network_access_enabled": true,
            "qna_runtime_endpoint": "",
            "resource_group_name": "happyoss1",
            "secondary_access_key": "117b9781d51d4a55a578e5d4c30d413d",
            "sku_name": "S",
            "storage": [],
            "tags": {},
            "timeouts": {
              "create": null,
              "delete": null,
              "read": null,
              "update": null
            }
          },
          "sensitive_attributes": [],
          "private": "eyJlMmJmYjczMC1lY2FhLTExZTYtOGY4OC0zNDM2M2JjN2M0YzAiOnsiY3JlYXRlIjoxODAwMDAwMDAwMDAwLCJkZWxldGUiOjE4MDAwMDAwMDAwMDAsInJlYWQiOjMwMDAwMDAwMDAwMCwidXBkYXRlIjoxODAwMDAwMDAwMDAwfSwic2NoZW1hX3ZlcnNpb24iOiIwIn0=",
          "dependencies": [
            "azurerm_resource_group.rg"
          ]
        }
      ]
    },
    {
      "mode": "managed",
      "type": "azurerm_container_registry",
      "name": "acr",
      "provider": "provider[\"registry.terraform.io/hashicorp/azurerm\"]",
      "instances": []
    },
    {
      "mode": "managed",
      "type": "azurerm_kubernetes_cluster",
      "name": "aks",
      "provider": "provider[\"registry.terraform.io/hashicorp/azurerm\"]",
      "instances": []
    },
    {
      "mode": "managed",
      "type": "azurerm_resource_group",
      "name": "rg",
      "provider": "provider[\"registry.terraform.io/hashicorp/azurerm\"]",
      "instances": [
        {
          "schema_version": 0,
          "attributes": {
            "id": "/subscriptions/3e0dd787-2899-4e2b-8814-6ef4986f60d1/resourceGroups/happyoss1",
            "location": "eastus",
            "name": "happyoss1",
            "tags": {},
            "timeouts": {
              "create": null,
              "delete": null,
              "read": null,
              "update": null
            }
          },
          "sensitive_attributes": [],
          "private": "eyJlMmJmYjczMC1lY2FhLTExZTYtOGY4OC0zNDM2M2JjN2M0YzAiOnsiY3JlYXRlIjo1NDAwMDAwMDAwMDAwLCJkZWxldGUiOjU0MDAwMDAwMDAwMDAsInJlYWQiOjMwMDAwMDAwMDAwMCwidXBkYXRlIjo1NDAwMDAwMDAwMDAwfSwic2NoZW1hX3ZlcnNpb24iOiIwIn0="
        }
      ]
    },
    {
      "mode": "managed",
      "type": "azurerm_role_assignment",
      "name": "acraks",
      "provider": "provider[\"registry.terraform.io/hashicorp/azurerm\"]",
      "instances": []
    }
  ]
}
